{
  "name": "sql",
  "version": "1.0.0",
  "lockfileVersion": 3,
  "requires": true,
  "packages": {
    "": {
      "name": "sql",
      "version": "1.0.0",
      "license": "ISC",
      "dependencies": {
        "@electric-sql/pglite": "^0.3.5"
      }
    },
    "node_modules/@electric-sql/pglite": {
      "version": "0.3.5",
      "resolved": "https://registry.npmjs.org/@electric-sql/pglite/-/pglite-0.3.5.tgz",
      "integrity": "sha512-fhODErXJjOrnsJj5f1A8sH/Zj0INpLUbqOCiskufIUImUsFOBNHE6/FApY656Q2VSOp46wkXX3rvbBBO8O8Cag==",
      "license": "Apache-2.0"
    }
  }
}
